{
  "projects": [
    {
      "projectId": "7nJ7UcFmq9UzB6eXfC5z4a",
      "version": "0.8.0",
      "dependencies": {},
      "lang": "ts",
      "fileLocks": [
        {
          "assetId": "7nJ7UcFmq9UzB6eXfC5z4a",
          "type": "projectCss",
          "checksum": "8cf9dfd353bbaf2b2583e7046e8136fb"
        }
      ],
      "codegenVersion": "0.0.1"
    },
    {
      "projectId": "izHjV9kAaSeWgz8SpCNdfG",
      "version": "latest",
      "dependencies": {
        "7nJ7UcFmq9UzB6eXfC5z4a": "0.8.0"
      },
      "lang": "ts",
      "fileLocks": [
        {
          "type": "globalVariant",
          "assetId": "fXH_B-6hkIx2U",
          "checksum": "5f9738d8e8353a2e96e01f7cda7463ad"
        },
        {
          "type": "renderModule",
          "assetId": "l0SHF3rL5yFv",
          "checksum": "d4e51c42850a7e40567a81f2df24acb3"
        },
        {
          "type": "cssRules",
          "assetId": "l0SHF3rL5yFv",
          "checksum": "d4e51c42850a7e40567a81f2df24acb3"
        },
        {
          "type": "renderModule",
          "assetId": "QXv11hsUCwS",
          "checksum": "2b8821ccaab06e06486a29c703b53f0c"
        },
        {
          "type": "cssRules",
          "assetId": "QXv11hsUCwS",
          "checksum": "2b8821ccaab06e06486a29c703b53f0c"
        },
        {
          "type": "icon",
          "assetId": "G3K-SFjImLB",
          "checksum": "c7a545ee78bc16fe59295db161c4b17f"
        },
        {
          "type": "icon",
          "assetId": "XgrqGPQlfCO",
          "checksum": "c4d4b280177bed1bee7922139c42887d"
        },
        {
          "type": "icon",
          "assetId": "WIM4ywG8jC",
          "checksum": "d30a92b9bba532958285be30f2471c41"
        },
        {
          "type": "icon",
          "assetId": "DL09SAee60",
          "checksum": "7edb5483302008253eb74092a1b8debf"
        },
        {
          "type": "icon",
          "assetId": "pi7JdATBjc",
          "checksum": "448dcec61239306ae3d25aa42f513dd8"
        },
        {
          "type": "icon",
          "assetId": "6umLT7HaBM",
          "checksum": "55be46fa9bdb4796ca28dbb99abe2ed9"
        },
        {
          "type": "icon",
          "assetId": "Q6kFlcgGzV",
          "checksum": "e0baebb37315aefd8197c97de507b7af"
        },
        {
          "type": "icon",
          "assetId": "DoVf_USkUo",
          "checksum": "c2bb9b6ba075aef79287b5a7ca807635"
        },
        {
          "type": "icon",
          "assetId": "HyaKV-ucS7",
          "checksum": "04fcc9aa96406f06c35d869f85226202"
        },
        {
          "type": "icon",
          "assetId": "HkNr7PvfoJ",
          "checksum": "6011b86c3ed6f42cc8aab96d8750b293"
        },
        {
          "type": "icon",
          "assetId": "mrx_zfhkZ0",
          "checksum": "7259236be4f2df0858f2be469d4b98a4"
        },
        {
          "type": "image",
          "assetId": "jzcl9jGc2",
          "checksum": "16af1c1af5bd74bdb30af17c06c096d8"
        },
        {
          "type": "image",
          "assetId": "_EFif-cRm",
          "checksum": "a2dbbe84960f938421e62666fff446c4"
        },
        {
          "assetId": "izHjV9kAaSeWgz8SpCNdfG",
          "type": "projectCss",
          "checksum": "edc33b07e33d40178884c221b39ec1d8"
        },
        {
          "type": "icon",
          "assetId": "Sx4ac0Z9xZ",
          "checksum": "6884064c9d9b382f564808722ade60e9"
        },
        {
          "type": "icon",
          "assetId": "nix2_LE0eS",
          "checksum": "e9e309b666c08b0b80856aba0e894155"
        },
        {
          "type": "icon",
          "assetId": "DXIbklCl4G",
          "checksum": "a25e34c38b5c60571fe9ac66f8c23fef"
        },
        {
          "type": "icon",
          "assetId": "w7bMMt8klL",
          "checksum": "e88bc77d0ef2b76cc83b0c6589b4eb33"
        },
        {
          "type": "image",
          "assetId": "80Xjsw3R3",
          "checksum": "703b44fce6a0227789f7ec5e60a0a062"
        },
        {
          "type": "image",
          "assetId": "KeQN5h1m1",
          "checksum": "b2c72c2228f771261438bb61f15e3e5f"
        },
        {
          "type": "image",
          "assetId": "BU4Nndj501",
          "checksum": "9306801ee9002a7399a88c1ff49ec315"
        },
        {
          "type": "image",
          "assetId": "UbSYwwSf7",
          "checksum": "d0a7aead895a15f82ca3854c13e9f3d7"
        },
        {
          "type": "image",
          "assetId": "v-WTPghdf",
          "checksum": "5ef4204a98009515d82dff29ce69c97b"
        },
        {
          "type": "image",
          "assetId": "eDAduBtyx",
          "checksum": "3423e38fd24d63e819fa623aaf4c513d"
        },
        {
          "type": "image",
          "assetId": "IQ0qg8UvU",
          "checksum": "f144240ea6d3392e9ce1554506d746a6"
        },
        {
          "type": "image",
          "assetId": "Fp-c8D0cj",
          "checksum": "8dde8ca44fba265cd3a5731844c15818"
        },
        {
          "type": "image",
          "assetId": "kHbAmHBBr",
          "checksum": "f6c7fb99fe824d625991f553f5401dea"
        },
        {
          "type": "image",
          "assetId": "WNDme-tu_",
          "checksum": "59090ae0f2e1a169067f092c26365409"
        },
        {
          "type": "image",
          "assetId": "bPXmXIYxe",
          "checksum": "3e727cae8f613fd72036c797addcce2b"
        },
        {
          "type": "image",
          "assetId": "3zocYPbPb",
          "checksum": "0fa3c445851eac8412b24b90da1bfe17"
        },
        {
          "type": "image",
          "assetId": "ENjp0HW_R",
          "checksum": "a18d14849c4d2c891f2f57a4a85d7123"
        },
        {
          "type": "image",
          "assetId": "gpuRPBY3a",
          "checksum": "485a1b72ac16e4241f5939f38c8250c6"
        },
        {
          "type": "image",
          "assetId": "Sp_oCpEVH",
          "checksum": "2fe2c988d633b8ebffc36fd6554c30aa"
        }
      ],
      "codegenVersion": "0.0.1"
    }
  ],
  "cliVersion": "0.1.205"
}
